
Microsoft Visual Studio Solution File, Format Version 12.00
# Visual Studio Version 16
VisualStudioVersion = 16.0.30011.22
MinimumVisualStudioVersion = 10.0.40219.1
Project("{9A19103F-16F7-4668-BE54-9A1E7A4F7556}") = "LinqSamples", "LinqSamples\LinqSamples.csproj", "{614331CB-EE19-4314-8AC6-1FD39733F44A}"
EndProject
Project("{9A19103F-16F7-4668-BE54-9A1E7A4F7556}") = "Queries", "Queries\Queries.csproj", "{ADCE6EE5-56D5-4D18-954A-8640C6434A97}"
EndProject
Project("{9A19103F-16F7-4668-BE54-9A1E7A4F7556}") = "Cars", "Cars\Cars.csproj", "{48396140-021A-4B7C-B7BD-FDEB382A69F6}"
EndProject
Project("{9A19103F-16F7-4668-BE54-9A1E7A4F7556}") = "CarsXml", "CarsXml\CarsXml.csproj", "{817C3043-1A92-4953-934B-725C30E26685}"
EndProject
Project("{FAE04EC0-301F-11D3-BF4B-00C04F79EFBC}") = "ParseCsvRegex", "ParseCsvRegex\ParseCsvRegex.csproj", "{C1710BF8-C287-42E0-8751-12CA1D3871F0}"
EndProject
Global
	GlobalSection(SolutionConfigurationPlatforms) = preSolution
		Debug|Any CPU = Debug|Any CPU
		Release|Any CPU = Release|Any CPU
	EndGlobalSection
	GlobalSection(ProjectConfigurationPlatforms) = postSolution
		{614331CB-EE19-4314-8AC6-1FD39733F44A}.Debug|Any CPU.ActiveCfg = Debug|Any CPU
		{614331CB-EE19-4314-8AC6-1FD39733F44A}.Debug|Any CPU.Build.0 = Debug|Any CPU
		{614331CB-EE19-4314-8AC6-1FD39733F44A}.Release|Any CPU.ActiveCfg = Release|Any CPU
		{614331CB-EE19-4314-8AC6-1FD39733F44A}.Release|Any CPU.Build.0 = Release|Any CPU
		{ADCE6EE5-56D5-4D18-954A-8640C6434A97}.Debug|Any CPU.ActiveCfg = Debug|Any CPU
		{ADCE6EE5-56D5-4D18-954A-8640C6434A97}.Debug|Any CPU.Build.0 = Debug|Any CPU
		{ADCE6EE5-56D5-4D18-954A-8640C6434A97}.Release|Any CPU.ActiveCfg = Release|Any CPU
		{ADCE6EE5-56D5-4D18-954A-8640C6434A97}.Release|Any CPU.Build.0 = Release|Any CPU
		{48396140-021A-4B7C-B7BD-FDEB382A69F6}.Debug|Any CPU.ActiveCfg = Debug|Any CPU
		{48396140-021A-4B7C-B7BD-FDEB382A69F6}.Debug|Any CPU.Build.0 = Debug|Any CPU
		{48396140-021A-4B7C-B7BD-FDEB382A69F6}.Release|Any CPU.ActiveCfg = Release|Any CPU
		{48396140-021A-4B7C-B7BD-FDEB382A69F6}.Release|Any CPU.Build.0 = Release|Any CPU
		{817C3043-1A92-4953-934B-725C30E26685}.Debug|Any CPU.ActiveCfg = Debug|Any CPU
		{817C3043-1A92-4953-934B-725C30E26685}.Debug|Any CPU.Build.0 = Debug|Any CPU
		{817C3043-1A92-4953-934B-725C30E26685}.Release|Any CPU.ActiveCfg = Release|Any CPU
		{817C3043-1A92-4953-934B-725C30E26685}.Release|Any CPU.Build.0 = Release|Any CPU
		{C1710BF8-C287-42E0-8751-12CA1D3871F0}.Debug|Any CPU.ActiveCfg = Debug|Any CPU
		{C1710BF8-C287-42E0-8751-12CA1D3871F0}.Debug|Any CPU.Build.0 = Debug|Any CPU
		{C1710BF8-C287-42E0-8751-12CA1D3871F0}.Release|Any CPU.ActiveCfg = Release|Any CPU
		{C1710BF8-C287-42E0-8751-12CA1D3871F0}.Release|Any CPU.Build.0 = Release|Any CPU
	EndGlobalSection
	GlobalSection(SolutionProperties) = preSolution
		HideSolutionNode = FALSE
	EndGlobalSection
	GlobalSection(ExtensibilityGlobals) = postSolution
		SolutionGuid = {36BFEBF4-F311-4243-9E18-E9347244A412}
	EndGlobalSection
EndGlobal
